{
  "name": "@rhelements/rh-number",
  "version": "0.0.3",
  "lockfileVersion": 1,
  "requires": true,
  "dependencies": {
    "@rhelements/rhelement": {
      "version": "0.0.4",
      "resolved": "https://registry.npmjs.org/@rhelements/rhelement/-/rhelement-0.0.4.tgz",
      "integrity": "sha512-QtEI3bj3PzU7SF3pSTm/92PA4d7Ez5hMa0a7kJqB/wxYiXCjjsQc8yagPeh/9oV+MqNRjN2/r6pT68XjvWbJYQ=="
    },
    "numeral": {
      "version": "github:RHElements/Numeral-js#fd491dbce464beb642b6558422f6a788f3a1ff8b"
    }
  }
}
